
Microsoft Visual Studio Solution File, Format Version 12.00
# Visual Studio 15
VisualStudioVersion = 15.0.28307.329
MinimumVisualStudioVersion = 10.0.40219.1
Project("{FAE04EC0-301F-11D3-BF4B-00C04F79EFBC}") = "view", "view\view.csproj", "{F4E7AFDC-8096-48B3-962C-870A57B66378}"
EndProject
Project("{FAE04EC0-301F-11D3-BF4B-00C04F79EFBC}") = "model", "model\model.csproj", "{60E0D19B-8FA3-4F72-ABAC-07F3938E24F6}"
EndProject
Project("{2150E333-8FDC-42A3-9474-1A3956D46DE8}") = "local", "local", "{E5F4FB90-ABB1-48F7-893E-8C51A14AD593}"
	ProjectSection(SolutionItems) = preProject
		..\..\..\..\Users\Usuario\Desktop\centros.txt = ..\..\..\..\Users\Usuario\Desktop\centros.txt
	EndProjectSection
EndProject
Global
	GlobalSection(SolutionConfigurationPlatforms) = preSolution
		Debug|Any CPU = Debug|Any CPU
		Release|Any CPU = Release|Any CPU
	EndGlobalSection
	GlobalSection(ProjectConfigurationPlatforms) = postSolution
		{F4E7AFDC-8096-48B3-962C-870A57B66378}.Debug|Any CPU.ActiveCfg = Debug|Any CPU
		{F4E7AFDC-8096-48B3-962C-870A57B66378}.Debug|Any CPU.Build.0 = Debug|Any CPU
		{F4E7AFDC-8096-48B3-962C-870A57B66378}.Release|Any CPU.ActiveCfg = Release|Any CPU
		{F4E7AFDC-8096-48B3-962C-870A57B66378}.Release|Any CPU.Build.0 = Release|Any CPU
		{60E0D19B-8FA3-4F72-ABAC-07F3938E24F6}.Debug|Any CPU.ActiveCfg = Debug|Any CPU
		{60E0D19B-8FA3-4F72-ABAC-07F3938E24F6}.Debug|Any CPU.Build.0 = Debug|Any CPU
		{60E0D19B-8FA3-4F72-ABAC-07F3938E24F6}.Release|Any CPU.ActiveCfg = Release|Any CPU
		{60E0D19B-8FA3-4F72-ABAC-07F3938E24F6}.Release|Any CPU.Build.0 = Release|Any CPU
	EndGlobalSection
	GlobalSection(SolutionProperties) = preSolution
		HideSolutionNode = FALSE
	EndGlobalSection
	GlobalSection(ExtensibilityGlobals) = postSolution
		SolutionGuid = {82D342C3-B54B-4953-80C3-BBA0B7D0B2F2}
	EndGlobalSection
EndGlobal
